
Microsoft Visual Studio Solution File, Format Version 12.00
# Visual Studio Version 17
VisualStudioVersion = 17.4.33205.214
MinimumVisualStudioVersion = 10.0.40219.1
Project("{FAE04EC0-301F-11D3-BF4B-00C04F79EFBC}") = "RestaurantBestillinger2", "RestaurantBestillinger2\RestaurantBestillinger2.csproj", "{648DE3EF-6023-4B7F-96A2-5866C9738454}"
EndProject
Global
	GlobalSection(SolutionConfigurationPlatforms) = preSolution
		Debug|Any CPU = Debug|Any CPU
		Release|Any CPU = Release|Any CPU
	EndGlobalSection
	GlobalSection(ProjectConfigurationPlatforms) = postSolution
		{648DE3EF-6023-4B7F-96A2-5866C9738454}.Debug|Any CPU.ActiveCfg = Debug|Any CPU
		{648DE3EF-6023-4B7F-96A2-5866C9738454}.Debug|Any CPU.Build.0 = Debug|Any CPU
		{648DE3EF-6023-4B7F-96A2-5866C9738454}.Release|Any CPU.ActiveCfg = Release|Any CPU
		{648DE3EF-6023-4B7F-96A2-5866C9738454}.Release|Any CPU.Build.0 = Release|Any CPU
	EndGlobalSection
	GlobalSection(SolutionProperties) = preSolution
		HideSolutionNode = FALSE
	EndGlobalSection
	GlobalSection(ExtensibilityGlobals) = postSolution
		SolutionGuid = {45A9C591-51D6-44B2-98D9-A83CBBDE5C12}
	EndGlobalSection
EndGlobal
